
Microsoft Visual Studio Solution File, Format Version 12.00
# Visual Studio Version 17
VisualStudioVersion = 17.1.32228.430
MinimumVisualStudioVersion = 10.0.40219.1
Project("{2150E333-8FDC-42A3-9474-1A3956D46DE8}") = "2 - Services", "2 - Services", "{F83D3F8A-5B67-419F-BF09-8ED74A13CFF1}"
EndProject
Project("{2150E333-8FDC-42A3-9474-1A3956D46DE8}") = "3 - Application", "3 - Application", "{0266BD39-BC27-4BC9-BADE-E32AF1A4DFBC}"
EndProject
Project("{2150E333-8FDC-42A3-9474-1A3956D46DE8}") = "4 - Domain", "4 - Domain", "{91EB6F1C-29B2-4153-863D-D53B3A821A90}"
EndProject
Project("{2150E333-8FDC-42A3-9474-1A3956D46DE8}") = "5 - Infra", "5 - Infra", "{F6520EA6-3FB1-4061-9D42-7B4622D1C753}"
EndProject
Project("{2150E333-8FDC-42A3-9474-1A3956D46DE8}") = "5.1 - Data", "5.1 - Data", "{F538A623-4982-4573-ADDC-76B5D5107EE0}"
EndProject
Project("{2150E333-8FDC-42A3-9474-1A3956D46DE8}") = "5.2 - CrossCutting", "5.2 - CrossCutting", "{E5372DAE-97F8-417E-8C1C-1009F7A2F176}"
EndProject
Project("{2150E333-8FDC-42A3-9474-1A3956D46DE8}") = "src", "src", "{425DEB03-F511-46D2-B35D-F9C3656C1F15}"
EndProject
Project("{2150E333-8FDC-42A3-9474-1A3956D46DE8}") = "test", "test", "{CBA580B0-C698-4F71-AEC0-B5714FE42A42}"
EndProject
Project("{2150E333-8FDC-42A3-9474-1A3956D46DE8}") = "2 - Unit", "2 - Unit", "{782254D7-644C-427D-9834-F2CFF139BF9E}"
EndProject
Project("{9A19103F-16F7-4668-BE54-9A1E7A4F7556}") = "TennisCourt.Api", "src\TennisCourt.Api\TennisCourt.Api.csproj", "{FF4E6204-C9A0-44CF-AF3F-ABA492A321AD}"
EndProject
Project("{9A19103F-16F7-4668-BE54-9A1E7A4F7556}") = "TennisCourt.Application", "src\TennisCourt.Application\TennisCourt.Application.csproj", "{C8C66E6E-DE78-4C76-8AF5-F2E4C203AE75}"
EndProject
Project("{9A19103F-16F7-4668-BE54-9A1E7A4F7556}") = "TennisCourt.Domain", "src\TennisCourt.Domain\TennisCourt.Domain.csproj", "{FB679243-6A55-48F5-A89A-42B7B0C64607}"
EndProject
Project("{9A19103F-16F7-4668-BE54-9A1E7A4F7556}") = "TennisCourt.Infra.Data", "src\TennisCourt.Infra.Data\TennisCourt.Infra.Data.csproj", "{CD89A2D2-5107-48B7-9933-2F1243A2A4A1}"
EndProject
Project("{9A19103F-16F7-4668-BE54-9A1E7A4F7556}") = "TennisCourt.Infra.CrossCutting.Commons", "src\TennisCourt.Infra.CrossCutting.Commons\TennisCourt.Infra.CrossCutting.Commons.csproj", "{42C56913-7410-4173-BD24-C0154A58DA29}"
EndProject
Project("{9A19103F-16F7-4668-BE54-9A1E7A4F7556}") = "TennisCourt.Infra.CrossCutting.IoC", "src\TennisCourt.Infra.CrossCutting.IoC\TennisCourt.Infra.CrossCutting.IoC.csproj", "{08BE8472-5C43-4A8E-8669-D49140999DFF}"
EndProject
Project("{9A19103F-16F7-4668-BE54-9A1E7A4F7556}") = "TennisCourt.Unit.Tests", "test\unit\TennisCourt.Unit.Tests\TennisCourt.Unit.Tests.csproj", "{2D54E201-EB96-4A31-914D-1C60691F24A8}"
EndProject
Global
	GlobalSection(SolutionConfigurationPlatforms) = preSolution
		Debug|Any CPU = Debug|Any CPU
		Release|Any CPU = Release|Any CPU
	EndGlobalSection
	GlobalSection(ProjectConfigurationPlatforms) = postSolution
		{FF4E6204-C9A0-44CF-AF3F-ABA492A321AD}.Debug|Any CPU.ActiveCfg = Debug|Any CPU
		{FF4E6204-C9A0-44CF-AF3F-ABA492A321AD}.Debug|Any CPU.Build.0 = Debug|Any CPU
		{FF4E6204-C9A0-44CF-AF3F-ABA492A321AD}.Release|Any CPU.ActiveCfg = Release|Any CPU
		{FF4E6204-C9A0-44CF-AF3F-ABA492A321AD}.Release|Any CPU.Build.0 = Release|Any CPU
		{C8C66E6E-DE78-4C76-8AF5-F2E4C203AE75}.Debug|Any CPU.ActiveCfg = Debug|Any CPU
		{C8C66E6E-DE78-4C76-8AF5-F2E4C203AE75}.Debug|Any CPU.Build.0 = Debug|Any CPU
		{C8C66E6E-DE78-4C76-8AF5-F2E4C203AE75}.Release|Any CPU.ActiveCfg = Release|Any CPU
		{C8C66E6E-DE78-4C76-8AF5-F2E4C203AE75}.Release|Any CPU.Build.0 = Release|Any CPU
		{FB679243-6A55-48F5-A89A-42B7B0C64607}.Debug|Any CPU.ActiveCfg = Debug|Any CPU
		{FB679243-6A55-48F5-A89A-42B7B0C64607}.Debug|Any CPU.Build.0 = Debug|Any CPU
		{FB679243-6A55-48F5-A89A-42B7B0C64607}.Release|Any CPU.ActiveCfg = Release|Any CPU
		{FB679243-6A55-48F5-A89A-42B7B0C64607}.Release|Any CPU.Build.0 = Release|Any CPU
		{CD89A2D2-5107-48B7-9933-2F1243A2A4A1}.Debug|Any CPU.ActiveCfg = Debug|Any CPU
		{CD89A2D2-5107-48B7-9933-2F1243A2A4A1}.Debug|Any CPU.Build.0 = Debug|Any CPU
		{CD89A2D2-5107-48B7-9933-2F1243A2A4A1}.Release|Any CPU.ActiveCfg = Release|Any CPU
		{CD89A2D2-5107-48B7-9933-2F1243A2A4A1}.Release|Any CPU.Build.0 = Release|Any CPU
		{42C56913-7410-4173-BD24-C0154A58DA29}.Debug|Any CPU.ActiveCfg = Debug|Any CPU
		{42C56913-7410-4173-BD24-C0154A58DA29}.Debug|Any CPU.Build.0 = Debug|Any CPU
		{42C56913-7410-4173-BD24-C0154A58DA29}.Release|Any CPU.ActiveCfg = Release|Any CPU
		{42C56913-7410-4173-BD24-C0154A58DA29}.Release|Any CPU.Build.0 = Release|Any CPU
		{08BE8472-5C43-4A8E-8669-D49140999DFF}.Debug|Any CPU.ActiveCfg = Debug|Any CPU
		{08BE8472-5C43-4A8E-8669-D49140999DFF}.Debug|Any CPU.Build.0 = Debug|Any CPU
		{08BE8472-5C43-4A8E-8669-D49140999DFF}.Release|Any CPU.ActiveCfg = Release|Any CPU
		{08BE8472-5C43-4A8E-8669-D49140999DFF}.Release|Any CPU.Build.0 = Release|Any CPU
		{2D54E201-EB96-4A31-914D-1C60691F24A8}.Debug|Any CPU.ActiveCfg = Debug|Any CPU
		{2D54E201-EB96-4A31-914D-1C60691F24A8}.Debug|Any CPU.Build.0 = Debug|Any CPU
		{2D54E201-EB96-4A31-914D-1C60691F24A8}.Release|Any CPU.ActiveCfg = Release|Any CPU
		{2D54E201-EB96-4A31-914D-1C60691F24A8}.Release|Any CPU.Build.0 = Release|Any CPU
	EndGlobalSection
	GlobalSection(SolutionProperties) = preSolution
		HideSolutionNode = FALSE
	EndGlobalSection
	GlobalSection(NestedProjects) = preSolution
		{F83D3F8A-5B67-419F-BF09-8ED74A13CFF1} = {425DEB03-F511-46D2-B35D-F9C3656C1F15}
		{0266BD39-BC27-4BC9-BADE-E32AF1A4DFBC} = {425DEB03-F511-46D2-B35D-F9C3656C1F15}
		{91EB6F1C-29B2-4153-863D-D53B3A821A90} = {425DEB03-F511-46D2-B35D-F9C3656C1F15}
		{F6520EA6-3FB1-4061-9D42-7B4622D1C753} = {425DEB03-F511-46D2-B35D-F9C3656C1F15}
		{F538A623-4982-4573-ADDC-76B5D5107EE0} = {F6520EA6-3FB1-4061-9D42-7B4622D1C753}
		{E5372DAE-97F8-417E-8C1C-1009F7A2F176} = {F6520EA6-3FB1-4061-9D42-7B4622D1C753}
		{782254D7-644C-427D-9834-F2CFF139BF9E} = {CBA580B0-C698-4F71-AEC0-B5714FE42A42}
		{FF4E6204-C9A0-44CF-AF3F-ABA492A321AD} = {F83D3F8A-5B67-419F-BF09-8ED74A13CFF1}
		{C8C66E6E-DE78-4C76-8AF5-F2E4C203AE75} = {0266BD39-BC27-4BC9-BADE-E32AF1A4DFBC}
		{FB679243-6A55-48F5-A89A-42B7B0C64607} = {91EB6F1C-29B2-4153-863D-D53B3A821A90}
		{CD89A2D2-5107-48B7-9933-2F1243A2A4A1} = {F538A623-4982-4573-ADDC-76B5D5107EE0}
		{42C56913-7410-4173-BD24-C0154A58DA29} = {E5372DAE-97F8-417E-8C1C-1009F7A2F176}
		{08BE8472-5C43-4A8E-8669-D49140999DFF} = {E5372DAE-97F8-417E-8C1C-1009F7A2F176}
		{2D54E201-EB96-4A31-914D-1C60691F24A8} = {782254D7-644C-427D-9834-F2CFF139BF9E}
	EndGlobalSection
	GlobalSection(ExtensibilityGlobals) = postSolution
		SolutionGuid = {0ED0F60A-D0A0-4540-B43C-93E3CBC51686}
	EndGlobalSection
EndGlobal
